
Microsoft Visual Studio Solution File, Format Version 12.00
# Visual Studio 2012
Project("{FAE04EC0-301F-11D3-BF4B-00C04F79EFBC}") = "MineDraftCore", "MineDraftCore\MineDraftCore.csproj", "{04D6A67D-4CBD-4F76-B461-0C6E6B84F456}"
EndProject
Global
	GlobalSection(SolutionConfigurationPlatforms) = preSolution
		Debug|Any CPU = Debug|Any CPU
		Release|Any CPU = Release|Any CPU
	EndGlobalSection
	GlobalSection(ProjectConfigurationPlatforms) = postSolution
		{04D6A67D-4CBD-4F76-B461-0C6E6B84F456}.Debug|Any CPU.ActiveCfg = Debug|Any CPU
		{04D6A67D-4CBD-4F76-B461-0C6E6B84F456}.Debug|Any CPU.Build.0 = Debug|Any CPU
		{04D6A67D-4CBD-4F76-B461-0C6E6B84F456}.Release|Any CPU.ActiveCfg = Release|Any CPU
		{04D6A67D-4CBD-4F76-B461-0C6E6B84F456}.Release|Any CPU.Build.0 = Release|Any CPU
	EndGlobalSection
EndGlobal
